
Microsoft Visual Studio Solution File, Format Version 12.00
# Visual Studio Version 17
VisualStudioVersion = 17.5.33516.290
MinimumVisualStudioVersion = 10.0.40219.1
Project("{2150E333-8FDC-42A3-9474-1A3956D46DE8}") = "src", "src", "{D0F81699-6719-42EE-90D8-6AE8A82107E7}"
EndProject
Project("{2150E333-8FDC-42A3-9474-1A3956D46DE8}") = "tests", "tests", "{24CB01DF-020E-4EC4-84DB-C65848F092B0}"
EndProject
Project("{2150E333-8FDC-42A3-9474-1A3956D46DE8}") = "shared", "shared", "{76F1E870-C2C3-478D-BD05-4F46D106B041}"
EndProject
Project("{2150E333-8FDC-42A3-9474-1A3956D46DE8}") = "Host", "Host", "{D2C1D7B9-BAD8-4103-8899-63D248BD2FE9}"
EndProject
Project("{2150E333-8FDC-42A3-9474-1A3956D46DE8}") = "Domain", "Domain", "{E31E71BE-44B1-4B97-B023-94AF296F716C}"
EndProject
Project("{2150E333-8FDC-42A3-9474-1A3956D46DE8}") = "Interface", "Interface", "{2729E565-6298-41A6-8FDF-116BB27AD70C}"
EndProject
Project("{2150E333-8FDC-42A3-9474-1A3956D46DE8}") = "Infrastructure", "Infrastructure", "{CF54B19A-6D13-4869-A94F-A8DB2E826465}"
EndProject
Project("{9A19103F-16F7-4668-BE54-9A1E7A4F7556}") = "Shared.Core", "shared\Shared.Core\Shared.Core.csproj", "{62EE8139-7638-4ABD-A29E-346671C8E4A6}"
EndProject
Project("{9A19103F-16F7-4668-BE54-9A1E7A4F7556}") = "Shared.Domain", "shared\Shared.Domain\Shared.Domain.csproj", "{DC8865E0-3534-4CB4-AEB0-D955D5218513}"
EndProject
Project("{9A19103F-16F7-4668-BE54-9A1E7A4F7556}") = "ProductManagement.Domain", "src\ProductManagement.Domain\ProductManagement.Domain.csproj", "{98DEC0E7-3DCE-4EFB-BCFD-EAE7A55B500A}"
EndProject
Project("{9A19103F-16F7-4668-BE54-9A1E7A4F7556}") = "ProductManagement.Persistence", "src\ProductManagement.Persistence\ProductManagement.Persistence.csproj", "{38DFAEE9-9BDA-4859-AD33-23FD40A23757}"
EndProject
Project("{FAE04EC0-301F-11D3-BF4B-00C04F79EFBC}") = "ProductManagement.Migration", "src\ProductManagement.Migration\ProductManagement.Migration.csproj", "{144E0A88-CE76-4AE0-8412-4BB701B7271A}"
EndProject
Project("{FAE04EC0-301F-11D3-BF4B-00C04F79EFBC}") = "ProductManagement.Bootstrap", "src\ProductManagement.Bootstrap\ProductManagement.Bootstrap.csproj", "{1C9EBF18-E1E5-44AD-9E6A-751534D0B116}"
EndProject
Project("{FAE04EC0-301F-11D3-BF4B-00C04F79EFBC}") = "ProductManagementRestAPI", "src\ProductManagementRestAPI\ProductManagementRestAPI.csproj", "{F0375D1E-F9D5-433D-A5DA-6430DE2BD66D}"
EndProject
Global
	GlobalSection(SolutionConfigurationPlatforms) = preSolution
		Debug|Any CPU = Debug|Any CPU
		Release|Any CPU = Release|Any CPU
	EndGlobalSection
	GlobalSection(ProjectConfigurationPlatforms) = postSolution
		{62EE8139-7638-4ABD-A29E-346671C8E4A6}.Debug|Any CPU.ActiveCfg = Debug|Any CPU
		{62EE8139-7638-4ABD-A29E-346671C8E4A6}.Debug|Any CPU.Build.0 = Debug|Any CPU
		{62EE8139-7638-4ABD-A29E-346671C8E4A6}.Release|Any CPU.ActiveCfg = Release|Any CPU
		{62EE8139-7638-4ABD-A29E-346671C8E4A6}.Release|Any CPU.Build.0 = Release|Any CPU
		{DC8865E0-3534-4CB4-AEB0-D955D5218513}.Debug|Any CPU.ActiveCfg = Debug|Any CPU
		{DC8865E0-3534-4CB4-AEB0-D955D5218513}.Debug|Any CPU.Build.0 = Debug|Any CPU
		{DC8865E0-3534-4CB4-AEB0-D955D5218513}.Release|Any CPU.ActiveCfg = Release|Any CPU
		{DC8865E0-3534-4CB4-AEB0-D955D5218513}.Release|Any CPU.Build.0 = Release|Any CPU
		{98DEC0E7-3DCE-4EFB-BCFD-EAE7A55B500A}.Debug|Any CPU.ActiveCfg = Debug|Any CPU
		{98DEC0E7-3DCE-4EFB-BCFD-EAE7A55B500A}.Debug|Any CPU.Build.0 = Debug|Any CPU
		{98DEC0E7-3DCE-4EFB-BCFD-EAE7A55B500A}.Release|Any CPU.ActiveCfg = Release|Any CPU
		{98DEC0E7-3DCE-4EFB-BCFD-EAE7A55B500A}.Release|Any CPU.Build.0 = Release|Any CPU
		{38DFAEE9-9BDA-4859-AD33-23FD40A23757}.Debug|Any CPU.ActiveCfg = Debug|Any CPU
		{38DFAEE9-9BDA-4859-AD33-23FD40A23757}.Debug|Any CPU.Build.0 = Debug|Any CPU
		{38DFAEE9-9BDA-4859-AD33-23FD40A23757}.Release|Any CPU.ActiveCfg = Release|Any CPU
		{38DFAEE9-9BDA-4859-AD33-23FD40A23757}.Release|Any CPU.Build.0 = Release|Any CPU
		{144E0A88-CE76-4AE0-8412-4BB701B7271A}.Debug|Any CPU.ActiveCfg = Debug|Any CPU
		{144E0A88-CE76-4AE0-8412-4BB701B7271A}.Debug|Any CPU.Build.0 = Debug|Any CPU
		{144E0A88-CE76-4AE0-8412-4BB701B7271A}.Release|Any CPU.ActiveCfg = Release|Any CPU
		{144E0A88-CE76-4AE0-8412-4BB701B7271A}.Release|Any CPU.Build.0 = Release|Any CPU
		{1C9EBF18-E1E5-44AD-9E6A-751534D0B116}.Debug|Any CPU.ActiveCfg = Debug|Any CPU
		{1C9EBF18-E1E5-44AD-9E6A-751534D0B116}.Debug|Any CPU.Build.0 = Debug|Any CPU
		{1C9EBF18-E1E5-44AD-9E6A-751534D0B116}.Release|Any CPU.ActiveCfg = Release|Any CPU
		{1C9EBF18-E1E5-44AD-9E6A-751534D0B116}.Release|Any CPU.Build.0 = Release|Any CPU
		{F0375D1E-F9D5-433D-A5DA-6430DE2BD66D}.Debug|Any CPU.ActiveCfg = Debug|Any CPU
		{F0375D1E-F9D5-433D-A5DA-6430DE2BD66D}.Debug|Any CPU.Build.0 = Debug|Any CPU
		{F0375D1E-F9D5-433D-A5DA-6430DE2BD66D}.Release|Any CPU.ActiveCfg = Release|Any CPU
		{F0375D1E-F9D5-433D-A5DA-6430DE2BD66D}.Release|Any CPU.Build.0 = Release|Any CPU
	EndGlobalSection
	GlobalSection(SolutionProperties) = preSolution
		HideSolutionNode = FALSE
	EndGlobalSection
	GlobalSection(NestedProjects) = preSolution
		{D2C1D7B9-BAD8-4103-8899-63D248BD2FE9} = {D0F81699-6719-42EE-90D8-6AE8A82107E7}
		{E31E71BE-44B1-4B97-B023-94AF296F716C} = {D0F81699-6719-42EE-90D8-6AE8A82107E7}
		{2729E565-6298-41A6-8FDF-116BB27AD70C} = {D0F81699-6719-42EE-90D8-6AE8A82107E7}
		{CF54B19A-6D13-4869-A94F-A8DB2E826465} = {D0F81699-6719-42EE-90D8-6AE8A82107E7}
		{62EE8139-7638-4ABD-A29E-346671C8E4A6} = {76F1E870-C2C3-478D-BD05-4F46D106B041}
		{DC8865E0-3534-4CB4-AEB0-D955D5218513} = {76F1E870-C2C3-478D-BD05-4F46D106B041}
		{98DEC0E7-3DCE-4EFB-BCFD-EAE7A55B500A} = {E31E71BE-44B1-4B97-B023-94AF296F716C}
		{38DFAEE9-9BDA-4859-AD33-23FD40A23757} = {CF54B19A-6D13-4869-A94F-A8DB2E826465}
		{144E0A88-CE76-4AE0-8412-4BB701B7271A} = {CF54B19A-6D13-4869-A94F-A8DB2E826465}
		{1C9EBF18-E1E5-44AD-9E6A-751534D0B116} = {CF54B19A-6D13-4869-A94F-A8DB2E826465}
		{F0375D1E-F9D5-433D-A5DA-6430DE2BD66D} = {D2C1D7B9-BAD8-4103-8899-63D248BD2FE9}
	EndGlobalSection
	GlobalSection(ExtensibilityGlobals) = postSolution
		SolutionGuid = {0893E98C-BA53-45A2-A05D-33FC578D6443}
	EndGlobalSection
EndGlobal
